
Microsoft Visual Studio Solution File, Format Version 12.00
# Visual Studio 14
VisualStudioVersion = 14.0.25123.0
MinimumVisualStudioVersion = 10.0.40219.1
Project("{FAE04EC0-301F-11D3-BF4B-00C04F79EFBC}") = "SolGitLFS", "SolGitLFS\SolGitLFS.csproj", "{2911C435-D2DE-4744-A944-3E2B17644210}"
EndProject
Project("{FAE04EC0-301F-11D3-BF4B-00C04F79EFBC}") = "GitLfsSharp", "GitLfsSharp\GitLfsSharp.csproj", "{88CC121D-E3C3-4B62-95BE-8BF03F9A877E}"
EndProject
Global
	GlobalSection(SolutionConfigurationPlatforms) = preSolution
		Debug|Any CPU = Debug|Any CPU
		Release|Any CPU = Release|Any CPU
	EndGlobalSection
	GlobalSection(ProjectConfigurationPlatforms) = postSolution
		{2911C435-D2DE-4744-A944-3E2B17644210}.Debug|Any CPU.ActiveCfg = Debug|Any CPU
		{2911C435-D2DE-4744-A944-3E2B17644210}.Debug|Any CPU.Build.0 = Debug|Any CPU
		{2911C435-D2DE-4744-A944-3E2B17644210}.Release|Any CPU.ActiveCfg = Release|Any CPU
		{2911C435-D2DE-4744-A944-3E2B17644210}.Release|Any CPU.Build.0 = Release|Any CPU
		{88CC121D-E3C3-4B62-95BE-8BF03F9A877E}.Debug|Any CPU.ActiveCfg = Debug|Any CPU
		{88CC121D-E3C3-4B62-95BE-8BF03F9A877E}.Debug|Any CPU.Build.0 = Debug|Any CPU
		{88CC121D-E3C3-4B62-95BE-8BF03F9A877E}.Release|Any CPU.ActiveCfg = Release|Any CPU
		{88CC121D-E3C3-4B62-95BE-8BF03F9A877E}.Release|Any CPU.Build.0 = Release|Any CPU
	EndGlobalSection
	GlobalSection(SolutionProperties) = preSolution
		HideSolutionNode = FALSE
	EndGlobalSection
EndGlobal
